dependencies:
- name: crib-chainlink-cluster
  repository: file://../../../infra-charts/crib-chainlink-cluster
  version: 0.5.1
- name: ccip-scripts
  repository: file://../ccip-scripts
  version: 0.1.0
digest: sha256:c96a94299cb5b81f2e44494750fc5c483a061b1d925063d54c456306ef376be8
generated: "2024-04-26T17:04:08.701985+02:00"
